// !$*UTF8*$!
{
	archiveVersion = 1;
	classes = {
	};
	objectVersion = 50;
	objects = {

/* Begin PBXBuildFile section */
		01B9E62F259327E20068FD06 /* MemoryGame.swift in Sources */ = {isa = PBXBuildFile; fileRef = 01B9E62E259327E20068FD06 /* MemoryGame.swift */; };
		01B9E63425932EC20068FD06 /* EmojiMemoryGame.swift in Sources */ = {isa = PBXBuildFile; fileRef = 01B9E63325932EC20068FD06 /* EmojiMemoryGame.swift */; };
		01E87637256B523E00379F39 /* MemorizeApp.swift in Sources */ = {isa = PBXBuildFile; fileRef = 01E87636256B523E00379F39 /* MemorizeApp.swift */; };
		01E87639256B523E00379F39 /* ContentView.swift in Sources */ = {isa = PBXBuildFile; fileRef = 01E87638256B523E00379F39 /* ContentView.swift */; };
		01E8763B256B523F00379F39 /* Assets.xcassets in Resources */ = {isa = PBXBuildFile; fileRef = 01E8763A256B523F00379F39 /* Assets.xcassets */; };
		01E8763E256B523F00379F39 /* Preview Assets.xcassets in Resources */ = {isa = PBXBuildFile; fileRef = 01E8763D256B523F00379F39 /* Preview Assets.xcassets */; };
		01E87640256B523F00379F39 /* Persistence.swift in Sources */ = {isa = PBXBuildFile; fileRef = 01E8763F256B523F00379F39 /* Persistence.swift */; };
		01E87643256B523F00379F39 /* Memorize.xcdatamodeld in Sources */ = {isa = PBXBuildFile; fileRef = 01E87641256B523F00379F39 /* Memorize.xcdatamodeld */; };
		01E8764E256B523F00379F39 /* MemorizeTests.swift in Sources */ = {isa = PBXBuildFile; fileRef = 01E8764D256B523F00379F39 /* MemorizeTests.swift */; };
		01E87659256B523F00379F39 /* MemorizeUITests.swift in Sources */ = {isa = PBXBuildFile; fileRef = 01E87658256B523F00379F39 /* MemorizeUITests.swift */; };
/* End PBXBuildFile section */

/* Begin PBXContainerItemProxy section */
		01E8764A256B523F00379F39 /* PBXContainerItemProxy */ = {
			isa = PBXContainerItemProxy;
			containerPortal = 01E8762B256B523E00379F39 /* Project object */;
			proxyType = 1;
			remoteGlobalIDString = 01E87632256B523E00379F39;
			remoteInfo = Memorize;
		};
		01E87655256B523F00379F39 /* PBXContainerItemProxy */ = {
			isa = PBXContainerItemProxy;
			containerPortal = 01E8762B256B523E00379F39 /* Project object */;
			proxyType = 1;
			remoteGlobalIDString = 01E87632256B523E00379F39;
			remoteInfo = Memorize;
		};
/* End PBXContainerItemProxy section */

/* Begin PBXFileReference section */
		01B9E62E259327E20068FD06 /* MemoryGame.swift */ = {isa = PBXFileReference; lastKnownFileType = sourcecode.swift; path = MemoryGame.swift; sourceTree = "<group>"; };
		01B9E63325932EC20068FD06 /* EmojiMemoryGame.swift */ = {isa = PBXFileReference; lastKnownFileType = sourcecode.swift; path = EmojiMemoryGame.swift; sourceTree = "<group>"; };
		01E87633256B523E00379F39 /* Memorize.app */ = {isa = PBXFileReference; explicitFileType = wrapper.application; includeInIndex = 0; path = Memorize.app; sourceTree = BUILT_PRODUCTS_DIR; };
		01E87636256B523E00379F39 /* MemorizeApp.swift */ = {isa = PBXFileReference; lastKnownFileType = sourcecode.swift; path = MemorizeApp.swift; sourceTree = "<group>"; };
		01E87638256B523E00379F39 /* ContentView.swift */ = {isa = PBXFileReference; lastKnownFileType = sourcecode.swift; path = ContentView.swift; sourceTree = "<group>"; usesTabs = 0; };
		01E8763A256B523F00379F39 /* Assets.xcassets */ = {isa = PBXFileReference; lastKnownFileType = folder.assetcatalog; path = Assets.xcassets; sourceTree = "<group>"; };
		01E8763D256B523F00379F39 /* Preview Assets.xcassets */ = {isa = PBXFileReference; lastKnownFileType = folder.assetcatalog; path = "Preview Assets.xcassets"; sourceTree = "<group>"; };
		01E8763F256B523F00379F39 /* Persistence.swift */ = {isa = PBXFileReference; lastKnownFileType = sourcecode.swift; path = Persistence.swift; sourceTree = "<group>"; };
		01E87642256B523F00379F39 /* Memorize.xcdatamodel */ = {isa = PBXFileReference; lastKnownFileType = wrapper.xcdatamodel; path = Memorize.xcdatamodel; sourceTree = "<group>"; };
		01E87644256B523F00379F39 /* Info.plist */ = {isa = PBXFileReference; lastKnownFileType = text.plist.xml; path = Info.plist; sourceTree = "<group>"; };
		01E87649256B523F00379F39 /* MemorizeTests.xctest */ = {isa = PBXFileReference; explicitFileType = wrapper.cfbundle; includeInIndex = 0; path = MemorizeTests.xctest; sourceTree = BUILT_PRODUCTS_DIR; };
		01E8764D256B523F00379F39 /* MemorizeTests.swift */ = {isa = PBXFileReference; lastKnownFileType = sourcecode.swift; path = MemorizeTests.swift; sourceTree = "<group>"; };
		01E8764F256B523F00379F39 /* Info.plist */ = {isa = PBXFileReference; lastKnownFileType = text.plist.xml; path = Info.plist; sourceTree = "<group>"; };
		01E87654256B523F00379F39 /* MemorizeUITests.xctest */ = {isa = PBXFileReference; explicitFileType = wrapper.cfbundle; includeInIndex = 0; path = MemorizeUITests.xctest; sourceTree = BUILT_PRODUCTS_DIR; };
		01E87658256B523F00379F39 /* MemorizeUITests.swift */ = {isa = PBXFileReference; lastKnownFileType = sourcecode.swift; path = MemorizeUITests.swift; sourceTree = "<group>"; };
		01E8765A256B523F00379F39 /* Info.plist */ = {isa = PBXFileReference; lastKnownFileType = text.plist.xml; path = Info.plist; sourceTree = "<group>"; };
/* End PBXFileReference section */

/* Begin PBXFrameworksBuildPhase section */
		01E87630256B523E00379F39 /* Frameworks */ = {
			isa = PBXFrameworksBuildPhase;
			buildActionMask = 2147483647;
			files = (
			);
			runOnlyForDeploymentPostprocessing = 0;
		};
		01E87646256B523F00379F39 /* Frameworks */ = {
			isa = PBXFrameworksBuildPhase;
			buildActionMask = 2147483647;
			files = (
			);
			runOnlyForDeploymentPostprocessing = 0;
		};
		01E87651256B523F00379F39 /* Frameworks */ = {
			isa = PBXFrameworksBuildPhase;
			buildActionMask = 2147483647;
			files = (
			);
			runOnlyForDeploymentPostprocessing = 0;
		};
/* End PBXFrameworksBuildPhase section */

/* Begin PBXGroup section */
		01E8762A256B523E00379F39 = {
			isa = PBXGroup;
			children = (
				01E87635256B523E00379F39 /* Memorize */,
				01E8764C256B523F00379F39 /* MemorizeTests */,
				01E87657256B523F00379F39 /* MemorizeUITests */,
				01E87634256B523E00379F39 /* Products */,
			);
			sourceTree = "<group>";
		};
		01E87634256B523E00379F39 /* Products */ = {
			isa = PBXGroup;
			children = (
				01E87633256B523E00379F39 /* Memorize.app */,
				01E87649256B523F00379F39 /* MemorizeTests.xctest */,
				01E87654256B523F00379F39 /* MemorizeUITests.xctest */,
			);
			name = Products;
			sourceTree = "<group>";
		};
		01E87635256B523E00379F39 /* Memorize */ = {
			isa = PBXGroup;
			children = (
				01E87636256B523E00379F39 /* MemorizeApp.swift */,
				01E87638256B523E00379F39 /* ContentView.swift */,
				01E8763A256B523F00379F39 /* Assets.xcassets */,
				01E8763F256B523F00379F39 /* Persistence.swift */,
				01E87644256B523F00379F39 /* Info.plist */,
				01E87641256B523F00379F39 /* Memorize.xcdatamodeld */,
				01E8763C256B523F00379F39 /* Preview Content */,
				01B9E62E259327E20068FD06 /* MemoryGame.swift */,
				01B9E63325932EC20068FD06 /* EmojiMemoryGame.swift */,
			);
			path = Memorize;
			sourceTree = "<group>";
		};
		01E8763C256B523F00379F39 /* Preview Content */ = {
			isa = PBXGroup;
			children = (
				01E8763D256B523F00379F39 /* Preview Assets.xcassets */,
			);
			path = "Preview Content";
			sourceTree = "<group>";
		};
		01E8764C256B523F00379F39 /* MemorizeTests */ = {
			isa = PBXGroup;
			children = (
				01E8764D256B523F00379F39 /* MemorizeTests.swift */,
				01E8764F256B523F00379F39 /* Info.plist */,
			);
			path = MemorizeTests;
			sourceTree = "<group>";
		};
		01E87657256B523F00379F39 /* MemorizeUITests */ = {
			isa = PBXGroup;
			children = (
				01E87658256B523F00379F39 /* MemorizeUITests.swift */,
				01E8765A256B523F00379F39 /* Info.plist */,
			);
			path = MemorizeUITests;
			sourceTree = "<group>";
		};
/* End PBXGroup section */

/* Begin PBXNativeTarget section */
		01E87632256B523E00379F39 /* Memorize */ = {
			isa = PBXNativeTarget;
			buildConfigurationList = 01E8765D256B523F00379F39 /* Build configuration list for PBXNativeTarget "Memorize" */;
			buildPhases = (
				01E8762F256B523E00379F39 /* Sources */,
				01E87630256B523E00379F39 /* Frameworks */,
				01E87631256B523E00379F39 /* Resources */,
			);
			buildRules = (
			);
			dependencies = (
			);
			name = Memorize;
			productName = Memorize;
			productReference = 01E87633256B523E00379F39 /* Memorize.app */;
			productType = "com.apple.product-type.application";
		};
		01E87648256B523F00379F39 /* MemorizeTests */ = {
			isa = PBXNativeTarget;
			buildConfigurationList = 01E87660256B523F00379F39 /* Build configuration list for PBXNativeTarget "MemorizeTests" */;
			buildPhases = (
				01E87645256B523F00379F39 /* Sources */,
				01E87646256B523F00379F39 /* Frameworks */,
				01E87647256B523F00379F39 /* Resources */,
			);
			buildRules = (
			);
			dependencies = (
				01E8764B256B523F00379F39 /* PBXTargetDependency */,
			);
			name = MemorizeTests;
			productName = MemorizeTests;
			productReference = 01E87649256B523F00379F39 /* MemorizeTests.xctest */;
			productType = "com.apple.product-type.bundle.unit-test";
		};
		01E87653256B523F00379F39 /* MemorizeUITests */ = {
			isa = PBXNativeTarget;
			buildConfigurationList = 01E87663256B523F00379F39 /* Build configuration list for PBXNativeTarget "MemorizeUITests" */;
			buildPhases = (
				01E87650256B523F00379F39 /* Sources */,
				01E87651256B523F00379F39 /* Frameworks */,
				01E87652256B523F00379F39 /* Resources */,
			);
			buildRules = (
			);
			dependencies = (
				01E87656256B523F00379F39 /* PBXTargetDependency */,
			);
			name = MemorizeUITests;
			productName = MemorizeUITests;
			productReference = 01E87654256B523F00379F39 /* MemorizeUITests.xctest */;
			productType = "com.apple.product-type.bundle.ui-testing";
		};
/* End PBXNativeTarget section */

/* Begin PBXProject section */
		01E8762B256B523E00379F39 /* Project object */ = {
			isa = PBXProject;
			attributes = {
				LastSwiftUpdateCheck = 1220;
				LastUpgradeCheck = 1220;
				TargetAttributes = {
					01E87632256B523E00379F39 = {
						CreatedOnToolsVersion = 12.2;
					};
					01E87648256B523F00379F39 = {
						CreatedOnToolsVersion = 12.2;
						TestTargetID = 01E87632256B523E00379F39;
					};
					01E87653256B523F00379F39 = {
						CreatedOnToolsVersion = 12.2;
						TestTargetID = 01E87632256B523E00379F39;
					};
				};
			};
			buildConfigurationList = 01E8762E256B523E00379F39 /* Build configuration list for PBXProject "Memorize" */;
			compatibilityVersion = "Xcode 9.3";
			developmentRegion = en;
			hasScannedForEncodings = 0;
			knownRegions = (
				en,
				Base,
			);
			mainGroup = 01E8762A256B523E00379F39;
			productRefGroup = 01E87634256B523E00379F39 /* Products */;
			projectDirPath = "";
			projectRoot = "";
			targets = (
				01E87632256B523E00379F39 /* Memorize */,
				01E87648256B523F00379F39 /* MemorizeTests */,
				01E87653256B523F00379F39 /* MemorizeUITests */,
			);
		};
/* End PBXProject section */

/* Begin PBXResourcesBuildPhase section */
		01E87631256B523E00379F39 /* Resources */ = {
			isa = PBXResourcesBuildPhase;
			buildActionMask = 2147483647;
			files = (
				01E8763E256B523F00379F39 /* Preview Assets.xcassets in Resources */,
				01E8763B256B523F00379F39 /* Assets.xcassets in Resources */,
			);
			runOnlyForDeploymentPostprocessing = 0;
		};
		01E87647256B523F00379F39 /* Resources */ = {
			isa = PBXResourcesBuildPhase;
			buildActionMask = 2147483647;
			files = (
			);
			runOnlyForDeploymentPostprocessing = 0;
		};
		01E87652256B523F00379F39 /* Resources */ = {
			isa = PBXResourcesBuildPhase;
			buildActionMask = 2147483647;
			files = (
			);
			runOnlyForDeploymentPostprocessing = 0;
		};
/* End PBXResourcesBuildPhase section */

/* Begin PBXSourcesBuildPhase section */
		01E8762F256B523E00379F39 /* Sources */ = {
			isa = PBXSourcesBuildPhase;
			buildActionMask = 2147483647;
			files = (
				01E87640256B523F00379F39 /* Persistence.swift in Sources */,
				01E87643256B523F00379F39 /* Memorize.xcdatamodeld in Sources */,
				01B9E62F259327E20068FD06 /* MemoryGame.swift in Sources */,
				01E87639256B523E00379F39 /* ContentView.swift in Sources */,
				01E87637256B523E00379F39 /* MemorizeApp.swift in Sources */,
				01B9E63425932EC20068FD06 /* EmojiMemoryGame.swift in Sources */,
			);
			runOnlyForDeploymentPostprocessing = 0;
		};
		01E87645256B523F00379F39 /* Sources */ = {
			isa = PBXSourcesBuildPhase;
			buildActionMask = 2147483647;
			files = (
				01E8764E256B523F00379F39 /* MemorizeTests.swift in Sources */,
			);
			runOnlyForDeploymentPostprocessing = 0;
		};
		01E87650256B523F00379F39 /* Sources */ = {
			isa = PBXSourcesBuildPhase;
			buildActionMask = 2147483647;
			files = (
				01E87659256B523F00379F39 /* MemorizeUITests.swift in Sources */,
			);
			runOnlyForDeploymentPostprocessing = 0;
		};
/* End PBXSourcesBuildPhase section */

/* Begin PBXTargetDependency section */
		01E8764B256B523F00379F39 /* PBXTargetDependency */ = {
			isa = PBXTargetDependency;
			target = 01E87632256B523E00379F39 /* Memorize */;
			targetProxy = 01E8764A256B523F00379F39 /* PBXContainerItemProxy */;
		};
		01E87656256B523F00379F39 /* PBXTargetDependency */ = {
			isa = PBXTargetDependency;
			target = 01E87632256B523E00379F39 /* Memorize */;
			targetProxy = 01E87655256B523F00379F39 /* PBXContainerItemProxy */;
		};
/* End PBXTargetDependency section */

/* Begin XCBuildConfiguration section */
		01E8765B256B523F00379F39 /* Debug */ = {
			isa = XCBuildConfiguration;
			buildSettings = {
				ALWAYS_SEARCH_USER_PATHS = NO;
				CLANG_ANALYZER_NONNULL = YES;
				CLANG_ANALYZER_NUMBER_OBJECT_CONVERSION = YES_AGGRESSIVE;
				CLANG_CXX_LANGUAGE_STANDARD = "gnu++14";
				CLANG_CXX_LIBRARY = "libc++";
				CLANG_ENABLE_MODULES = YES;
				CLANG_ENABLE_OBJC_ARC = YES;
				CLANG_ENABLE_OBJC_WEAK = YES;
				CLANG_WARN_BLOCK_CAPTURE_AUTORELEASING = YES;
				CLANG_WARN_BOOL_CONVERSION = YES;
				CLANG_WARN_COMMA = YES;
				CLANG_WARN_CONSTANT_CONVERSION = YES;
				CLANG_WARN_DEPRECATED_OBJC_IMPLEMENTATIONS = YES;
				CLANG_WARN_DIRECT_OBJC_ISA_USAGE = YES_ERROR;
				CLANG_WARN_DOCUMENTATION_COMMENTS = YES;
				CLANG_WARN_EMPTY_BODY = YES;
				CLANG_WARN_ENUM_CONVERSION = YES;
				CLANG_WARN_INFINITE_RECURSION = YES;
				CLANG_WARN_INT_CONVERSION = YES;
				CLANG_WARN_NON_LITERAL_NULL_CONVERSION = YES;
				CLANG_WARN_OBJC_IMPLICIT_RETAIN_SELF = YES;
				CLANG_WARN_OBJC_LITERAL_CONVERSION = YES;
				CLANG_WARN_OBJC_ROOT_CLASS = YES_ERROR;
				CLANG_WARN_QUOTED_INCLUDE_IN_FRAMEWORK_HEADER = YES;
				CLANG_WARN_RANGE_LOOP_ANALYSIS = YES;
				CLANG_WARN_STRICT_PROTOTYPES = YES;
				CLANG_WARN_SUSPICIOUS_MOVE = YES;
				CLANG_WARN_UNGUARDED_AVAILABILITY = YES_AGGRESSIVE;
				CLANG_WARN_UNREACHABLE_CODE = YES;
				CLANG_WARN__DUPLICATE_METHOD_MATCH = YES;
				COPY_PHASE_STRIP = NO;
				DEBUG_INFORMATION_FORMAT = dwarf;
				ENABLE_STRICT_OBJC_MSGSEND = YES;
				ENABLE_TESTABILITY = YES;
				GCC_C_LANGUAGE_STANDARD = gnu11;
				GCC_DYNAMIC_NO_PIC = NO;
				GCC_NO_COMMON_BLOCKS = YES;
				GCC_OPTIMIZATION_LEVEL = 0;
				GCC_PREPROCESSOR_DEFINITIONS = (
					"DEBUG=1",
					"$(inherited)",
				);
				GCC_WARN_64_TO_32_BIT_CONVERSION = YES;
				GCC_WARN_ABOUT_RETURN_TYPE = YES_ERROR;
				GCC_WARN_UNDECLARED_SELECTOR = YES;
				GCC_WARN_UNINITIALIZED_AUTOS = YES_AGGRESSIVE;
				GCC_WARN_UNUSED_FUNCTION = YES;
				GCC_WARN_UNUSED_VARIABLE = YES;
				IPHONEOS_DEPLOYMENT_TARGET = 14.2;
				MTL_ENABLE_DEBUG_INFO = INCLUDE_SOURCE;
				MTL_FAST_MATH = YES;
				ONLY_ACTIVE_ARCH = YES;
				SDKROOT = iphoneos;
				SWIFT_ACTIVE_COMPILATION_CONDITIONS = DEBUG;
				SWIFT_OPTIMIZATION_LEVEL = "-Onone";
			};
			name = Debug;
		};
		01E8765C256B523F00379F39 /* Release */ = {
			isa = XCBuildConfiguration;
			buildSettings = {
				ALWAYS_SEARCH_USER_PATHS = NO;
				CLANG_ANALYZER_NONNULL = YES;
				CLANG_ANALYZER_NUMBER_OBJECT_CONVERSION = YES_AGGRESSIVE;
				CLANG_CXX_LANGUAGE_STANDARD = "gnu++14";
				CLANG_CXX_LIBRARY = "libc++";
				CLANG_ENABLE_MODULES = YES;
				CLANG_ENABLE_OBJC_ARC = YES;
				CLANG_ENABLE_OBJC_WEAK = YES;
				CLANG_WARN_BLOCK_CAPTURE_AUTORELEASING = YES;
				CLANG_WARN_BOOL_CONVERSION = YES;
				CLANG_WARN_COMMA = YES;
				CLANG_WARN_CONSTANT_CONVERSION = YES;
				CLANG_WARN_DEPRECATED_OBJC_IMPLEMENTATIONS = YES;
				CLANG_WARN_DIRECT_OBJC_ISA_USAGE = YES_ERROR;
				CLANG_WARN_DOCUMENTATION_COMMENTS = YES;
				CLANG_WARN_EMPTY_BODY = YES;
				CLANG_WARN_ENUM_CONVERSION = YES;
				CLANG_WARN_INFINITE_RECURSION = YES;
				CLANG_WARN_INT_CONVERSION = YES;
				CLANG_WARN_NON_LITERAL_NULL_CONVERSION = YES;
				CLANG_WARN_OBJC_IMPLICIT_RETAIN_SELF = YES;
				CLANG_WARN_OBJC_LITERAL_CONVERSION = YES;
				CLANG_WARN_OBJC_ROOT_CLASS = YES_ERROR;
				CLANG_WARN_QUOTED_INCLUDE_IN_FRAMEWORK_HEADER = YES;
				CLANG_WARN_RANGE_LOOP_ANALYSIS = YES;
				CLANG_WARN_STRICT_PROTOTYPES = YES;
				CLANG_WARN_SUSPICIOUS_MOVE = YES;
				CLANG_WARN_UNGUARDED_AVAILABILITY = YES_AGGRESSIVE;
				CLANG_WARN_UNREACHABLE_CODE = YES;
				CLANG_WARN__DUPLICATE_METHOD_MATCH = YES;
				COPY_PHASE_STRIP = NO;
				DEBUG_INFORMATION_FORMAT = "dwarf-with-dsym";
				ENABLE_NS_ASSERTIONS = NO;
				ENABLE_STRICT_OBJC_MSGSEND = YES;
				GCC_C_LANGUAGE_STANDARD = gnu11;
				GCC_NO_COMMON_BLOCKS = YES;
				GCC_WARN_64_TO_32_BIT_CONVERSION = YES;
				GCC_WARN_ABOUT_RETURN_TYPE = YES_ERROR;
				GCC_WARN_UNDECLARED_SELECTOR = YES;
				GCC_WARN_UNINITIALIZED_AUTOS = YES_AGGRESSIVE;
				GCC_WARN_UNUSED_FUNCTION = YES;
				GCC_WARN_UNUSED_VARIABLE = YES;
				IPHONEOS_DEPLOYMENT_TARGET = 14.2;
				MTL_ENABLE_DEBUG_INFO = NO;
				MTL_FAST_MATH = YES;
				SDKROOT = iphoneos;
				SWIFT_COMPILATION_MODE = wholemodule;
				SWIFT_OPTIMIZATION_LEVEL = "-O";
				VALIDATE_PRODUCT = YES;
			};
			name = Release;
		};
		01E8765E256B523F00379F39 /* Debug */ = {
			isa = XCBuildConfiguration;
			buildSettings = {
				ASSETCATALOG_COMPILER_APPICON_NAME = AppIcon;
				ASSETCATALOG_COMPILER_GLOBAL_ACCENT_COLOR_NAME = AccentColor;
				CODE_SIGN_STYLE = Automatic;
				DEVELOPMENT_ASSET_PATHS = "\"Memorize/Preview Content\"";
				DEVELOPMENT_TEAM = DZTT64X355;
				ENABLE_PREVIEWS = YES;
				INFOPLIST_FILE = Memorize/Info.plist;
				IPHONEOS_DEPLOYMENT_TARGET = 14.0;
				LD_RUNPATH_SEARCH_PATHS = (
					"$(inherited)",
					"@executable_path/Frameworks",
				);
				PRODUCT_BUNDLE_IDENTIFIER = pd.xr.Memorize;
				PRODUCT_NAME = "$(TARGET_NAME)";
				SWIFT_VERSION = 5.0;
				TARGETED_DEVICE_FAMILY = "1,2";
			};
			name = Debug;
		};
		01E8765F256B523F00379F39 /* Release */ = {
			isa = XCBuildConfiguration;
			buildSettings = {
				ASSETCATALOG_COMPILER_APPICON_NAME = AppIcon;
				ASSETCATALOG_COMPILER_GLOBAL_ACCENT_COLOR_NAME = AccentColor;
				CODE_SIGN_STYLE = Automatic;
				DEVELOPMENT_ASSET_PATHS = "\"Memorize/Preview Content\"";
				DEVELOPMENT_TEAM = DZTT64X355;
				ENABLE_PREVIEWS = YES;
				INFOPLIST_FILE = Memorize/Info.plist;
				IPHONEOS_DEPLOYMENT_TARGET = 14.0;
				LD_RUNPATH_SEARCH_PATHS = (
					"$(inherited)",
					"@executable_path/Frameworks",
				);
				PRODUCT_BUNDLE_IDENTIFIER = pd.xr.Memorize;
				PRODUCT_NAME = "$(TARGET_NAME)";
				SWIFT_VERSION = 5.0;
				TARGETED_DEVICE_FAMILY = "1,2";
			};
			name = Release;
		};
		01E87661256B523F00379F39 /* Debug */ = {
			isa = XCBuildConfiguration;
			buildSettings = {
				ALWAYS_EMBED_SWIFT_STANDARD_LIBRARIES = YES;
				BUNDLE_LOADER = "$(TEST_HOST)";
				CODE_SIGN_STYLE = Automatic;
				DEVELOPMENT_TEAM = DZTT64X355;
				INFOPLIST_FILE = MemorizeTests/Info.plist;
				IPHONEOS_DEPLOYMENT_TARGET = 14.0;
				LD_RUNPATH_SEARCH_PATHS = (
					"$(inherited)",
					"@executable_path/Frameworks",
					"@loader_path/Frameworks",
				);
				PRODUCT_BUNDLE_IDENTIFIER = pd.xr.MemorizeTests;
				PRODUCT_NAME = "$(TARGET_NAME)";
				SWIFT_VERSION = 5.0;
				TARGETED_DEVICE_FAMILY = "1,2";
				TEST_HOST = "$(BUILT_PRODUCTS_DIR)/Memorize.app/Memorize";
			};
			name = Debug;
		};
		01E87662256B523F00379F39 /* Release */ = {
			isa = XCBuildConfiguration;
			buildSettings = {
				ALWAYS_EMBED_SWIFT_STANDARD_LIBRARIES = YES;
				BUNDLE_LOADER = "$(TEST_HOST)";
				CODE_SIGN_STYLE = Automatic;
				DEVELOPMENT_TEAM = DZTT64X355;
				INFOPLIST_FILE = MemorizeTests/Info.plist;
				IPHONEOS_DEPLOYMENT_TARGET = 14.0;
				LD_RUNPATH_SEARCH_PATHS = (
					"$(inherited)",
					"@executable_path/Frameworks",
					"@loader_path/Frameworks",
				);
				PRODUCT_BUNDLE_IDENTIFIER = pd.xr.MemorizeTests;
				PRODUCT_NAME = "$(TARGET_NAME)";
				SWIFT_VERSION = 5.0;
				TARGETED_DEVICE_FAMILY = "1,2";
				TEST_HOST = "$(BUILT_PRODUCTS_DIR)/Memorize.app/Memorize";
			};
			name = Release;
		};
		01E87664256B523F00379F39 /* Debug */ = {
			isa = XCBuildConfiguration;
			buildSettings = {
				ALWAYS_EMBED_SWIFT_STANDARD_LIBRARIES = YES;
				CODE_SIGN_STYLE = Automatic;
				DEVELOPMENT_TEAM = DZTT64X355;
				INFOPLIST_FILE = MemorizeUITests/Info.plist;
				LD_RUNPATH_SEARCH_PATHS = (
					"$(inherited)",
					"@executable_path/Frameworks",
					"@loader_path/Frameworks",
				);
				PRODUCT_BUNDLE_IDENTIFIER = pd.xr.MemorizeUITests;
				PRODUCT_NAME = "$(TARGET_NAME)";
				SWIFT_VERSION = 5.0;
				TARGETED_DEVICE_FAMILY = "1,2";
				TEST_TARGET_NAME = Memorize;
			};
			name = Debug;
		};
		01E87665256B523F00379F39 /* Release */ = {
			isa = XCBuildConfiguration;
			buildSettings = {
				ALWAYS_EMBED_SWIFT_STANDARD_LIBRARIES = YES;
				CODE_SIGN_STYLE = Automatic;
				DEVELOPMENT_TEAM = DZTT64X355;
				INFOPLIST_FILE = MemorizeUITests/Info.plist;
				LD_RUNPATH_SEARCH_PATHS = (
					"$(inherited)",
					"@executable_path/Frameworks",
					"@loader_path/Frameworks",
				);
				PRODUCT_BUNDLE_IDENTIFIER = pd.xr.MemorizeUITests;
				PRODUCT_NAME = "$(TARGET_NAME)";
				SWIFT_VERSION = 5.0;
				TARGETED_DEVICE_FAMILY = "1,2";
				TEST_TARGET_NAME = Memorize;
			};
			name = Release;
		};
/* End XCBuildConfiguration section */

/* Begin XCConfigurationList section */
		01E8762E256B523E00379F39 /* Build configuration list for PBXProject "Memorize" */ = {
			isa = XCConfigurationList;
			buildConfigurations = (
				01E8765B256B523F00379F39 /* Debug */,
				01E8765C256B523F00379F39 /* Release */,
			);
			defaultConfigurationIsVisible = 0;
			defaultConfigurationName = Release;
		};
		01E8765D256B523F00379F39 /* Build configuration list for PBXNativeTarget "Memorize" */ = {
			isa = XCConfigurationList;
			buildConfigurations = (
				01E8765E256B523F00379F39 /* Debug */,
				01E8765F256B523F00379F39 /* Release */,
			);
			defaultConfigurationIsVisible = 0;
			defaultConfigurationName = Release;
		};
		01E87660256B523F00379F39 /* Build configuration list for PBXNativeTarget "MemorizeTests" */ = {
			isa = XCConfigurationList;
			buildConfigurations = (
				01E87661256B523F00379F39 /* Debug */,
				01E87662256B523F00379F39 /* Release */,
			);
			defaultConfigurationIsVisible = 0;
			defaultConfigurationName = Release;
		};
		01E87663256B523F00379F39 /* Build configuration list for PBXNativeTarget "MemorizeUITests" */ = {
			isa = XCConfigurationList;
			buildConfigurations = (
				01E87664256B523F00379F39 /* Debug */,
				01E87665256B523F00379F39 /* Release */,
			);
			defaultConfigurationIsVisible = 0;
			defaultConfigurationName = Release;
		};
/* End XCConfigurationList section */

/* Begin XCVersionGroup section */
		01E87641256B523F00379F39 /* Memorize.xcdatamodeld */ = {
			isa = XCVersionGroup;
			children = (
				01E87642256B523F00379F39 /* Memorize.xcdatamodel */,
			);
			currentVersion = 01E87642256B523F00379F39 /* Memorize.xcdatamodel */;
			path = Memorize.xcdatamodeld;
			sourceTree = "<group>";
			versionGroupType = wrapper.xcdatamodel;
		};
/* End XCVersionGroup section */
	};
	rootObject = 01E8762B256B523E00379F39 /* Project object */;
}
